
Microsoft Visual Studio Solution File, Format Version 12.00
# Visual Studio Version 16
VisualStudioVersion = 16.0.29806.167
MinimumVisualStudioVersion = 10.0.40219.1
Project("{FAE04EC0-301F-11D3-BF4B-00C04F79EFBC}") = "ProximityTest.PlanetsClient.Android", "ProximityTest.PlanetsClient\ProximityTest.PlanetsClient.Android\ProximityTest.PlanetsClient.Android.csproj", "{78813948-4CD0-47E0-BB3A-E2574A9C60F0}"
EndProject
Project("{FAE04EC0-301F-11D3-BF4B-00C04F79EFBC}") = "ProximityTest.PlanetsClient.iOS", "ProximityTest.PlanetsClient\ProximityTest.PlanetsClient.iOS\ProximityTest.PlanetsClient.iOS.csproj", "{C7F75E62-7955-4FE5-AB28-FF3A12CFA5CF}"
EndProject
Project("{FAE04EC0-301F-11D3-BF4B-00C04F79EFBC}") = "ProximityTest.PlanetsClient", "ProximityTest.PlanetsClient\ProximityTest.PlanetsClient\ProximityTest.PlanetsClient.csproj", "{8B42918E-5772-4D9F-AFD7-DF98126ED903}"
EndProject
Global
	GlobalSection(SolutionConfigurationPlatforms) = preSolution
		Debug|Any CPU = Debug|Any CPU
		Debug|iPhone = Debug|iPhone
		Debug|iPhoneSimulator = Debug|iPhoneSimulator
		Release|Any CPU = Release|Any CPU
		Release|iPhone = Release|iPhone
		Release|iPhoneSimulator = Release|iPhoneSimulator
	EndGlobalSection
	GlobalSection(ProjectConfigurationPlatforms) = postSolution
		{78813948-4CD0-47E0-BB3A-E2574A9C60F0}.Debug|Any CPU.ActiveCfg = Debug|Any CPU
		{78813948-4CD0-47E0-BB3A-E2574A9C60F0}.Debug|Any CPU.Build.0 = Debug|Any CPU
		{78813948-4CD0-47E0-BB3A-E2574A9C60F0}.Debug|Any CPU.Deploy.0 = Debug|Any CPU
		{78813948-4CD0-47E0-BB3A-E2574A9C60F0}.Debug|iPhone.ActiveCfg = Debug|Any CPU
		{78813948-4CD0-47E0-BB3A-E2574A9C60F0}.Debug|iPhone.Build.0 = Debug|Any CPU
		{78813948-4CD0-47E0-BB3A-E2574A9C60F0}.Debug|iPhone.Deploy.0 = Debug|Any CPU
		{78813948-4CD0-47E0-BB3A-E2574A9C60F0}.Debug|iPhoneSimulator.ActiveCfg = Debug|Any CPU
		{78813948-4CD0-47E0-BB3A-E2574A9C60F0}.Debug|iPhoneSimulator.Build.0 = Debug|Any CPU
		{78813948-4CD0-47E0-BB3A-E2574A9C60F0}.Debug|iPhoneSimulator.Deploy.0 = Debug|Any CPU
		{78813948-4CD0-47E0-BB3A-E2574A9C60F0}.Release|Any CPU.ActiveCfg = Release|Any CPU
		{78813948-4CD0-47E0-BB3A-E2574A9C60F0}.Release|Any CPU.Build.0 = Release|Any CPU
		{78813948-4CD0-47E0-BB3A-E2574A9C60F0}.Release|Any CPU.Deploy.0 = Release|Any CPU
		{78813948-4CD0-47E0-BB3A-E2574A9C60F0}.Release|iPhone.ActiveCfg = Release|Any CPU
		{78813948-4CD0-47E0-BB3A-E2574A9C60F0}.Release|iPhone.Build.0 = Release|Any CPU
		{78813948-4CD0-47E0-BB3A-E2574A9C60F0}.Release|iPhone.Deploy.0 = Release|Any CPU
		{78813948-4CD0-47E0-BB3A-E2574A9C60F0}.Release|iPhoneSimulator.ActiveCfg = Release|Any CPU
		{78813948-4CD0-47E0-BB3A-E2574A9C60F0}.Release|iPhoneSimulator.Build.0 = Release|Any CPU
		{78813948-4CD0-47E0-BB3A-E2574A9C60F0}.Release|iPhoneSimulator.Deploy.0 = Release|Any CPU
		{C7F75E62-7955-4FE5-AB28-FF3A12CFA5CF}.Debug|Any CPU.ActiveCfg = Debug|iPhoneSimulator
		{C7F75E62-7955-4FE5-AB28-FF3A12CFA5CF}.Debug|Any CPU.Build.0 = Debug|iPhoneSimulator
		{C7F75E62-7955-4FE5-AB28-FF3A12CFA5CF}.Debug|Any CPU.Deploy.0 = Debug|iPhoneSimulator
		{C7F75E62-7955-4FE5-AB28-FF3A12CFA5CF}.Debug|iPhone.ActiveCfg = Debug|iPhone
		{C7F75E62-7955-4FE5-AB28-FF3A12CFA5CF}.Debug|iPhone.Build.0 = Debug|iPhone
		{C7F75E62-7955-4FE5-AB28-FF3A12CFA5CF}.Debug|iPhone.Deploy.0 = Debug|iPhone
		{C7F75E62-7955-4FE5-AB28-FF3A12CFA5CF}.Debug|iPhoneSimulator.ActiveCfg = Debug|iPhoneSimulator
		{C7F75E62-7955-4FE5-AB28-FF3A12CFA5CF}.Debug|iPhoneSimulator.Build.0 = Debug|iPhoneSimulator
		{C7F75E62-7955-4FE5-AB28-FF3A12CFA5CF}.Debug|iPhoneSimulator.Deploy.0 = Debug|iPhoneSimulator
		{C7F75E62-7955-4FE5-AB28-FF3A12CFA5CF}.Release|Any CPU.ActiveCfg = Release|iPhone
		{C7F75E62-7955-4FE5-AB28-FF3A12CFA5CF}.Release|Any CPU.Build.0 = Release|iPhone
		{C7F75E62-7955-4FE5-AB28-FF3A12CFA5CF}.Release|Any CPU.Deploy.0 = Release|iPhone
		{C7F75E62-7955-4FE5-AB28-FF3A12CFA5CF}.Release|iPhone.ActiveCfg = Release|iPhone
		{C7F75E62-7955-4FE5-AB28-FF3A12CFA5CF}.Release|iPhone.Build.0 = Release|iPhone
		{C7F75E62-7955-4FE5-AB28-FF3A12CFA5CF}.Release|iPhone.Deploy.0 = Release|iPhone
		{C7F75E62-7955-4FE5-AB28-FF3A12CFA5CF}.Release|iPhoneSimulator.ActiveCfg = Release|iPhoneSimulator
		{C7F75E62-7955-4FE5-AB28-FF3A12CFA5CF}.Release|iPhoneSimulator.Build.0 = Release|iPhoneSimulator
		{C7F75E62-7955-4FE5-AB28-FF3A12CFA5CF}.Release|iPhoneSimulator.Deploy.0 = Release|iPhoneSimulator
		{8B42918E-5772-4D9F-AFD7-DF98126ED903}.Debug|Any CPU.ActiveCfg = Debug|Any CPU
		{8B42918E-5772-4D9F-AFD7-DF98126ED903}.Debug|Any CPU.Build.0 = Debug|Any CPU
		{8B42918E-5772-4D9F-AFD7-DF98126ED903}.Debug|Any CPU.Deploy.0 = Debug|Any CPU
		{8B42918E-5772-4D9F-AFD7-DF98126ED903}.Debug|iPhone.ActiveCfg = Debug|Any CPU
		{8B42918E-5772-4D9F-AFD7-DF98126ED903}.Debug|iPhone.Build.0 = Debug|Any CPU
		{8B42918E-5772-4D9F-AFD7-DF98126ED903}.Debug|iPhone.Deploy.0 = Debug|Any CPU
		{8B42918E-5772-4D9F-AFD7-DF98126ED903}.Debug|iPhoneSimulator.ActiveCfg = Debug|Any CPU
		{8B42918E-5772-4D9F-AFD7-DF98126ED903}.Debug|iPhoneSimulator.Build.0 = Debug|Any CPU
		{8B42918E-5772-4D9F-AFD7-DF98126ED903}.Debug|iPhoneSimulator.Deploy.0 = Debug|Any CPU
		{8B42918E-5772-4D9F-AFD7-DF98126ED903}.Release|Any CPU.ActiveCfg = Release|Any CPU
		{8B42918E-5772-4D9F-AFD7-DF98126ED903}.Release|Any CPU.Build.0 = Release|Any CPU
		{8B42918E-5772-4D9F-AFD7-DF98126ED903}.Release|Any CPU.Deploy.0 = Release|Any CPU
		{8B42918E-5772-4D9F-AFD7-DF98126ED903}.Release|iPhone.ActiveCfg = Release|Any CPU
		{8B42918E-5772-4D9F-AFD7-DF98126ED903}.Release|iPhone.Build.0 = Release|Any CPU
		{8B42918E-5772-4D9F-AFD7-DF98126ED903}.Release|iPhone.Deploy.0 = Release|Any CPU
		{8B42918E-5772-4D9F-AFD7-DF98126ED903}.Release|iPhoneSimulator.ActiveCfg = Release|Any CPU
		{8B42918E-5772-4D9F-AFD7-DF98126ED903}.Release|iPhoneSimulator.Build.0 = Release|Any CPU
		{8B42918E-5772-4D9F-AFD7-DF98126ED903}.Release|iPhoneSimulator.Deploy.0 = Release|Any CPU
	EndGlobalSection
	GlobalSection(SolutionProperties) = preSolution
		HideSolutionNode = FALSE
	EndGlobalSection
	GlobalSection(ExtensibilityGlobals) = postSolution
		SolutionGuid = {6B3DC09A-35F2-4334-A030-D256326731F4}
	EndGlobalSection
EndGlobal
